
Microsoft Visual Studio Solution File, Format Version 12.00
# Visual Studio Version 16
VisualStudioVersion = 16.0.31112.23
MinimumVisualStudioVersion = 10.0.40219.1
Project("{FAE04EC0-301F-11D3-BF4B-00C04F79EFBC}") = "discount rate", "discount rate\discount rate.csproj", "{9239281B-9BE1-44B8-9CEB-03AE27357B19}"
EndProject
Global
	GlobalSection(SolutionConfigurationPlatforms) = preSolution
		Debug|Any CPU = Debug|Any CPU
		Release|Any CPU = Release|Any CPU
	EndGlobalSection
	GlobalSection(ProjectConfigurationPlatforms) = postSolution
		{9239281B-9BE1-44B8-9CEB-03AE27357B19}.Debug|Any CPU.ActiveCfg = Debug|Any CPU
		{9239281B-9BE1-44B8-9CEB-03AE27357B19}.Debug|Any CPU.Build.0 = Debug|Any CPU
		{9239281B-9BE1-44B8-9CEB-03AE27357B19}.Release|Any CPU.ActiveCfg = Release|Any CPU
		{9239281B-9BE1-44B8-9CEB-03AE27357B19}.Release|Any CPU.Build.0 = Release|Any CPU
	EndGlobalSection
	GlobalSection(SolutionProperties) = preSolution
		HideSolutionNode = FALSE
	EndGlobalSection
	GlobalSection(ExtensibilityGlobals) = postSolution
		SolutionGuid = {3A94B2DC-5B93-43BC-8B45-9B8983FA78E2}
	EndGlobalSection
EndGlobal
