
Microsoft Visual Studio Solution File, Format Version 12.00
# Visual Studio Version 16
VisualStudioVersion = 16.0.31205.134
MinimumVisualStudioVersion = 10.0.40219.1
Project("{FAE04EC0-301F-11D3-BF4B-00C04F79EFBC}") = "Triangle", "Triangle\Triangle.csproj", "{0BF8E90A-9260-4A14-8B48-9CD624C17FD1}"
EndProject
Global
	GlobalSection(SolutionConfigurationPlatforms) = preSolution
		Debug|Any CPU = Debug|Any CPU
		Release|Any CPU = Release|Any CPU
	EndGlobalSection
	GlobalSection(ProjectConfigurationPlatforms) = postSolution
		{0BF8E90A-9260-4A14-8B48-9CD624C17FD1}.Debug|Any CPU.ActiveCfg = Debug|Any CPU
		{0BF8E90A-9260-4A14-8B48-9CD624C17FD1}.Debug|Any CPU.Build.0 = Debug|Any CPU
		{0BF8E90A-9260-4A14-8B48-9CD624C17FD1}.Release|Any CPU.ActiveCfg = Release|Any CPU
		{0BF8E90A-9260-4A14-8B48-9CD624C17FD1}.Release|Any CPU.Build.0 = Release|Any CPU
	EndGlobalSection
	GlobalSection(SolutionProperties) = preSolution
		HideSolutionNode = FALSE
	EndGlobalSection
	GlobalSection(ExtensibilityGlobals) = postSolution
		SolutionGuid = {D24F4973-0B6D-4C79-AF2F-B2A17C3E857C}
	EndGlobalSection
EndGlobal
