
Microsoft Visual Studio Solution File, Format Version 12.00
# Visual Studio Version 16
VisualStudioVersion = 16.0.30611.23
MinimumVisualStudioVersion = 10.0.40219.1
Project("{FAE04EC0-301F-11D3-BF4B-00C04F79EFBC}") = "Min", "Min\Min.csproj", "{2945196D-89F1-42D6-9827-FF254EB14408}"
EndProject
Global
	GlobalSection(SolutionConfigurationPlatforms) = preSolution
		Debug|Any CPU = Debug|Any CPU
		Release|Any CPU = Release|Any CPU
	EndGlobalSection
	GlobalSection(ProjectConfigurationPlatforms) = postSolution
		{2945196D-89F1-42D6-9827-FF254EB14408}.Debug|Any CPU.ActiveCfg = Debug|Any CPU
		{2945196D-89F1-42D6-9827-FF254EB14408}.Debug|Any CPU.Build.0 = Debug|Any CPU
		{2945196D-89F1-42D6-9827-FF254EB14408}.Release|Any CPU.ActiveCfg = Release|Any CPU
		{2945196D-89F1-42D6-9827-FF254EB14408}.Release|Any CPU.Build.0 = Release|Any CPU
	EndGlobalSection
	GlobalSection(SolutionProperties) = preSolution
		HideSolutionNode = FALSE
	EndGlobalSection
	GlobalSection(ExtensibilityGlobals) = postSolution
		SolutionGuid = {A48E69EE-CD3B-4E76-AD5B-16950C81BB9D}
	EndGlobalSection
EndGlobal
