
Microsoft Visual Studio Solution File, Format Version 12.00
# Visual Studio Version 16
VisualStudioVersion = 16.0.30611.23
MinimumVisualStudioVersion = 10.0.40219.1
Project("{FAE04EC0-301F-11D3-BF4B-00C04F79EFBC}") = "Function", "Function\Function.csproj", "{4D7DF2DB-3AFE-41AA-A354-92C17FC6BEC6}"
EndProject
Global
	GlobalSection(SolutionConfigurationPlatforms) = preSolution
		Debug|Any CPU = Debug|Any CPU
		Release|Any CPU = Release|Any CPU
	EndGlobalSection
	GlobalSection(ProjectConfigurationPlatforms) = postSolution
		{4D7DF2DB-3AFE-41AA-A354-92C17FC6BEC6}.Debug|Any CPU.ActiveCfg = Debug|Any CPU
		{4D7DF2DB-3AFE-41AA-A354-92C17FC6BEC6}.Debug|Any CPU.Build.0 = Debug|Any CPU
		{4D7DF2DB-3AFE-41AA-A354-92C17FC6BEC6}.Release|Any CPU.ActiveCfg = Release|Any CPU
		{4D7DF2DB-3AFE-41AA-A354-92C17FC6BEC6}.Release|Any CPU.Build.0 = Release|Any CPU
	EndGlobalSection
	GlobalSection(SolutionProperties) = preSolution
		HideSolutionNode = FALSE
	EndGlobalSection
	GlobalSection(ExtensibilityGlobals) = postSolution
		SolutionGuid = {DA330FB0-1C2D-429E-AB94-42B8D17F2D0E}
	EndGlobalSection
EndGlobal
