
Microsoft Visual Studio Solution File, Format Version 12.00
# Visual Studio Version 16
VisualStudioVersion = 16.0.31105.61
MinimumVisualStudioVersion = 10.0.40219.1
Project("{FAE04EC0-301F-11D3-BF4B-00C04F79EFBC}") = "try-catch", "try-catch\try-catch.csproj", "{EED67BC8-21D0-45B2-B9B5-D027520A8D44}"
EndProject
Global
	GlobalSection(SolutionConfigurationPlatforms) = preSolution
		Debug|Any CPU = Debug|Any CPU
		Release|Any CPU = Release|Any CPU
	EndGlobalSection
	GlobalSection(ProjectConfigurationPlatforms) = postSolution
		{EED67BC8-21D0-45B2-B9B5-D027520A8D44}.Debug|Any CPU.ActiveCfg = Debug|Any CPU
		{EED67BC8-21D0-45B2-B9B5-D027520A8D44}.Debug|Any CPU.Build.0 = Debug|Any CPU
		{EED67BC8-21D0-45B2-B9B5-D027520A8D44}.Release|Any CPU.ActiveCfg = Release|Any CPU
		{EED67BC8-21D0-45B2-B9B5-D027520A8D44}.Release|Any CPU.Build.0 = Release|Any CPU
	EndGlobalSection
	GlobalSection(SolutionProperties) = preSolution
		HideSolutionNode = FALSE
	EndGlobalSection
	GlobalSection(ExtensibilityGlobals) = postSolution
		SolutionGuid = {7C4B7C60-2A42-45F8-BA74-C830CE0A8190}
	EndGlobalSection
EndGlobal
