
Microsoft Visual Studio Solution File, Format Version 12.00
# Visual Studio Version 16
VisualStudioVersion = 16.0.30611.23
MinimumVisualStudioVersion = 10.0.40219.1
Project("{FAE04EC0-301F-11D3-BF4B-00C04F79EFBC}") = "NumberChange", "NumberChange\NumberChange.csproj", "{77DA7CC7-5100-4ADA-9E19-C5C70D8A2461}"
EndProject
Global
	GlobalSection(SolutionConfigurationPlatforms) = preSolution
		Debug|Any CPU = Debug|Any CPU
		Release|Any CPU = Release|Any CPU
	EndGlobalSection
	GlobalSection(ProjectConfigurationPlatforms) = postSolution
		{77DA7CC7-5100-4ADA-9E19-C5C70D8A2461}.Debug|Any CPU.ActiveCfg = Debug|Any CPU
		{77DA7CC7-5100-4ADA-9E19-C5C70D8A2461}.Debug|Any CPU.Build.0 = Debug|Any CPU
		{77DA7CC7-5100-4ADA-9E19-C5C70D8A2461}.Release|Any CPU.ActiveCfg = Release|Any CPU
		{77DA7CC7-5100-4ADA-9E19-C5C70D8A2461}.Release|Any CPU.Build.0 = Release|Any CPU
	EndGlobalSection
	GlobalSection(SolutionProperties) = preSolution
		HideSolutionNode = FALSE
	EndGlobalSection
	GlobalSection(ExtensibilityGlobals) = postSolution
		SolutionGuid = {002A7BC1-3070-4372-AA8A-C82A0C917459}
	EndGlobalSection
EndGlobal
