
Microsoft Visual Studio Solution File, Format Version 12.00
# Visual Studio Version 16
VisualStudioVersion = 16.0.30517.126
MinimumVisualStudioVersion = 10.0.40219.1
Project("{FAE04EC0-301F-11D3-BF4B-00C04F79EFBC}") = "ConsoleApp1", "ConsoleApp1\ConsoleApp1.csproj", "{2D8608D1-7B87-4E7C-96C2-5823F7C085BC}"
EndProject
Global
	GlobalSection(SolutionConfigurationPlatforms) = preSolution
		Debug|Any CPU = Debug|Any CPU
		Release|Any CPU = Release|Any CPU
	EndGlobalSection
	GlobalSection(ProjectConfigurationPlatforms) = postSolution
		{2D8608D1-7B87-4E7C-96C2-5823F7C085BC}.Debug|Any CPU.ActiveCfg = Debug|Any CPU
		{2D8608D1-7B87-4E7C-96C2-5823F7C085BC}.Debug|Any CPU.Build.0 = Debug|Any CPU
		{2D8608D1-7B87-4E7C-96C2-5823F7C085BC}.Release|Any CPU.ActiveCfg = Release|Any CPU
		{2D8608D1-7B87-4E7C-96C2-5823F7C085BC}.Release|Any CPU.Build.0 = Release|Any CPU
	EndGlobalSection
	GlobalSection(SolutionProperties) = preSolution
		HideSolutionNode = FALSE
	EndGlobalSection
	GlobalSection(ExtensibilityGlobals) = postSolution
		SolutionGuid = {730B6B7A-075A-43BA-B378-3D3BACFBA45A}
	EndGlobalSection
EndGlobal
