
Microsoft Visual Studio Solution File, Format Version 12.00
# Visual Studio Version 16
VisualStudioVersion = 16.0.30711.63
MinimumVisualStudioVersion = 10.0.40219.1
Project("{FAE04EC0-301F-11D3-BF4B-00C04F79EFBC}") = "Array reverse", "Array reverse\Array reverse.csproj", "{6F609D75-76CB-44A6-A3A8-379CF10335B2}"
EndProject
Global
	GlobalSection(SolutionConfigurationPlatforms) = preSolution
		Debug|Any CPU = Debug|Any CPU
		Release|Any CPU = Release|Any CPU
	EndGlobalSection
	GlobalSection(ProjectConfigurationPlatforms) = postSolution
		{6F609D75-76CB-44A6-A3A8-379CF10335B2}.Debug|Any CPU.ActiveCfg = Debug|Any CPU
		{6F609D75-76CB-44A6-A3A8-379CF10335B2}.Debug|Any CPU.Build.0 = Debug|Any CPU
		{6F609D75-76CB-44A6-A3A8-379CF10335B2}.Release|Any CPU.ActiveCfg = Release|Any CPU
		{6F609D75-76CB-44A6-A3A8-379CF10335B2}.Release|Any CPU.Build.0 = Release|Any CPU
	EndGlobalSection
	GlobalSection(SolutionProperties) = preSolution
		HideSolutionNode = FALSE
	EndGlobalSection
	GlobalSection(ExtensibilityGlobals) = postSolution
		SolutionGuid = {CEBFEA48-F099-43A9-B86E-D90DDC354E5D}
	EndGlobalSection
EndGlobal
